
Microsoft Visual Studio Solution File, Format Version 12.00
# Visual Studio Version 17
VisualStudioVersion = 17.8.34525.116
MinimumVisualStudioVersion = 10.0.40219.1
Project("{FAE04EC0-301F-11D3-BF4B-00C04F79EFBC}") = "WebApplication1", "WebApplication1\WebApplication1.csproj", "{65E67FDD-60DF-4F47-8B94-6948E003FFE7}"
EndProject
Project("{FAE04EC0-301F-11D3-BF4B-00C04F79EFBC}") = "WebAplication.BusinessLogic", "WebAplication.BusinessLogics\WebAplication.BusinessLogic.csproj", "{994660F8-8E51-444C-8892-C0ECE54C8C32}"
EndProject
Project("{FAE04EC0-301F-11D3-BF4B-00C04F79EFBC}") = "WebAplication.Domain", "WebAplication.Domains\WebAplication.Domain.csproj", "{CF07B7EB-C122-4AEA-8CF0-BF9C2B630082}"
EndProject
Project("{FAE04EC0-301F-11D3-BF4B-00C04F79EFBC}") = "WebAplication.Helper", "WebAplication.Helpe\WebAplication.Helper.csproj", "{68CC1D45-C39E-4DA3-AD6E-01B81A6AB778}"
EndProject
Project("{2150E333-8FDC-42A3-9474-1A3956D46DE8}") = "Solution Items", "Solution Items", "{D21AE89C-D8DF-4FDA-99B4-F83144ED1DBB}"
	ProjectSection(SolutionItems) = preProject
		.editorconfig = .editorconfig
	EndProjectSection
EndProject
Global
	GlobalSection(SolutionConfigurationPlatforms) = preSolution
		Debug|Any CPU = Debug|Any CPU
		Release|Any CPU = Release|Any CPU
	EndGlobalSection
	GlobalSection(ProjectConfigurationPlatforms) = postSolution
		{65E67FDD-60DF-4F47-8B94-6948E003FFE7}.Debug|Any CPU.ActiveCfg = Debug|Any CPU
		{65E67FDD-60DF-4F47-8B94-6948E003FFE7}.Debug|Any CPU.Build.0 = Debug|Any CPU
		{65E67FDD-60DF-4F47-8B94-6948E003FFE7}.Release|Any CPU.ActiveCfg = Release|Any CPU
		{65E67FDD-60DF-4F47-8B94-6948E003FFE7}.Release|Any CPU.Build.0 = Release|Any CPU
		{994660F8-8E51-444C-8892-C0ECE54C8C32}.Debug|Any CPU.ActiveCfg = Debug|Any CPU
		{994660F8-8E51-444C-8892-C0ECE54C8C32}.Debug|Any CPU.Build.0 = Debug|Any CPU
		{994660F8-8E51-444C-8892-C0ECE54C8C32}.Release|Any CPU.ActiveCfg = Release|Any CPU
		{994660F8-8E51-444C-8892-C0ECE54C8C32}.Release|Any CPU.Build.0 = Release|Any CPU
		{CF07B7EB-C122-4AEA-8CF0-BF9C2B630082}.Debug|Any CPU.ActiveCfg = Debug|Any CPU
		{CF07B7EB-C122-4AEA-8CF0-BF9C2B630082}.Debug|Any CPU.Build.0 = Debug|Any CPU
		{CF07B7EB-C122-4AEA-8CF0-BF9C2B630082}.Release|Any CPU.ActiveCfg = Release|Any CPU
		{CF07B7EB-C122-4AEA-8CF0-BF9C2B630082}.Release|Any CPU.Build.0 = Release|Any CPU
		{68CC1D45-C39E-4DA3-AD6E-01B81A6AB778}.Debug|Any CPU.ActiveCfg = Debug|Any CPU
		{68CC1D45-C39E-4DA3-AD6E-01B81A6AB778}.Debug|Any CPU.Build.0 = Debug|Any CPU
		{68CC1D45-C39E-4DA3-AD6E-01B81A6AB778}.Release|Any CPU.ActiveCfg = Release|Any CPU
		{68CC1D45-C39E-4DA3-AD6E-01B81A6AB778}.Release|Any CPU.Build.0 = Release|Any CPU
	EndGlobalSection
	GlobalSection(SolutionProperties) = preSolution
		HideSolutionNode = FALSE
	EndGlobalSection
	GlobalSection(ExtensibilityGlobals) = postSolution
		SolutionGuid = {7E9EA9D6-4377-4D0F-9EE1-72ABECA3969C}
	EndGlobalSection
EndGlobal
